lockfileVersion: '9.0'

settings:
  autoInstallPeers: true
  excludeLinksFromLockfile: false

importers:

  .: {}

  modules/jest-react:
    dependencies:
      '@rbxts-js/jest-globals':
        specifier: ^3.13.3-ts.1
        version: 3.13.3-ts.1
      '@rbxts-js/luau-polyfill':
        specifier: ^1.2.3-ts.1
        version: 1.2.3-ts.1
      '@rbxts-js/react-globals':
        specifier: workspace:^
        version: link:../react-globals
      '@rbxts-js/shared':
        specifier: workspace:^
        version: link:../shared

  modules/react:
    dependencies:
      '@rbxts-js/luau-polyfill':
        specifier: ^1.2.3-ts.1
        version: 1.2.3-ts.1
      '@rbxts-js/react-globals':
        specifier: workspace:^
        version: link:../react-globals
      '@rbxts-js/shared':
        specifier: workspace:^
        version: link:../shared

  modules/react-cache:
    dependencies:
      '@rbxts-js/luau-polyfill':
        specifier: ^1.2.3-ts.1
        version: 1.2.3-ts.1
      '@rbxts-js/react':
        specifier: workspace:^
        version: link:../react
      '@rbxts-js/react-globals':
        specifier: workspace:^
        version: link:../react-globals
      '@rbxts-js/scheduler':
        specifier: workspace:^
        version: link:../scheduler
      '@rbxts-js/shared':
        specifier: workspace:^
        version: link:../shared

  modules/react-debug-tools:
    dependencies:
      '@rbxts-js/luau-polyfill':
        specifier: ^1.2.3-ts.1
        version: 1.2.3-ts.1
      '@rbxts-js/react-globals':
        specifier: workspace:^
        version: link:../react-globals
      '@rbxts-js/react-reconciler':
        specifier: workspace:^
        version: link:../react-reconciler
      '@rbxts-js/shared':
        specifier: workspace:^
        version: link:../shared

  modules/react-devtools:
    dependencies:
      '@rbxts-js/react-devtools-core':
        specifier: workspace:^
        version: link:../react-devtools-core

  modules/react-devtools-core:
    dependencies:
      '@rbxts-js/luau-polyfill':
        specifier: ^1.2.3-ts.1
        version: 1.2.3-ts.1
      '@rbxts-js/react-devtools-shared':
        specifier: workspace:^
        version: link:../react-devtools-shared
      '@rbxts-js/react-globals':
        specifier: workspace:^
        version: link:../react-globals
      '@rbxts-js/react-telemetry':
        specifier: workspace:^
        version: link:../react-telemetry

  modules/react-devtools-extensions:
    dependencies:
      '@rbxts-js/luau-polyfill':
        specifier: ^1.2.3-ts.1
        version: 1.2.3-ts.1
      '@rbxts-js/react':
        specifier: workspace:^
        version: link:../react
      '@rbxts-js/react-devtools-shared':
        specifier: workspace:^
        version: link:../react-devtools-shared
      '@rbxts-js/react-globals':
        specifier: workspace:^
        version: link:../react-globals
      '@rbxts-js/react-roblox':
        specifier: workspace:^
        version: link:../react-roblox
      '@rbxts-js/shared':
        specifier: workspace:^
        version: link:../shared

  modules/react-devtools-shared:
    dependencies:
      '@rbxts-js/luau-polyfill':
        specifier: ^1.2.3-ts.1
        version: 1.2.3-ts.1
      '@rbxts-js/react':
        specifier: workspace:^
        version: link:../react
      '@rbxts-js/react-debug-tools':
        specifier: workspace:^
        version: link:../react-debug-tools
      '@rbxts-js/react-globals':
        specifier: workspace:^
        version: link:../react-globals
      '@rbxts-js/react-is':
        specifier: workspace:^
        version: link:../react-is
      '@rbxts-js/react-reconciler':
        specifier: workspace:^
        version: link:../react-reconciler
      '@rbxts-js/react-roblox':
        specifier: workspace:^
        version: link:../react-roblox
      '@rbxts-js/shared':
        specifier: workspace:^
        version: link:../shared

  modules/react-devtools-timeline: {}

  modules/react-globals:
    dependencies:
      '@rbxts-js/safe-flags':
        specifier: workspace:^
        version: link:../safe-flags

  modules/react-is:
    dependencies:
      '@rbxts-js/react-globals':
        specifier: workspace:^
        version: link:../react-globals
      '@rbxts-js/safe-flags':
        specifier: workspace:^
        version: link:../safe-flags
      '@rbxts-js/shared':
        specifier: workspace:^
        version: link:../shared

  modules/react-noop-renderer:
    dependencies:
      '@rbxts-js/jest-globals':
        specifier: ^3.13.3-ts.1
        version: 3.13.3-ts.1
      '@rbxts-js/luau-polyfill':
        specifier: ^1.2.3-ts.1
        version: 1.2.3-ts.1
      '@rbxts-js/react-globals':
        specifier: workspace:^
        version: link:../react-globals
      '@rbxts-js/react-reconciler':
        specifier: workspace:^
        version: link:../react-reconciler
      '@rbxts-js/scheduler':
        specifier: workspace:^
        version: link:../scheduler
      '@rbxts-js/shared':
        specifier: workspace:^
        version: link:../shared

  modules/react-reconciler:
    dependencies:
      '@rbxts-js/luau-polyfill':
        specifier: ^1.2.3-ts.1
        version: 1.2.3-ts.1
      '@rbxts-js/react':
        specifier: workspace:^
        version: link:../react
      '@rbxts-js/react-globals':
        specifier: workspace:^
        version: link:../react-globals
      '@rbxts-js/roblox-lua-promise':
        specifier: ^3.5.0-ts.2
        version: 3.5.0-ts.2
      '@rbxts-js/safe-flags':
        specifier: workspace:^
        version: link:../safe-flags
      '@rbxts-js/scheduler':
        specifier: workspace:^
        version: link:../scheduler
      '@rbxts-js/shared':
        specifier: workspace:^
        version: link:../shared

  modules/react-refresh:
    dependencies:
      '@rbxts-js/luau-polyfill':
        specifier: ^1.2.3-ts.1
        version: 1.2.3-ts.1
      '@rbxts-js/react-globals':
        specifier: workspace:^
        version: link:../react-globals
      '@rbxts-js/react-reconciler':
        specifier: workspace:^
        version: link:../react-reconciler
      '@rbxts-js/shared':
        specifier: workspace:^
        version: link:../shared

  modules/react-roblox:
    dependencies:
      '@rbxts-js/luau-polyfill':
        specifier: ^1.2.3-ts.1
        version: 1.2.3-ts.1
      '@rbxts-js/react':
        specifier: workspace:^
        version: link:../react
      '@rbxts-js/react-globals':
        specifier: workspace:^
        version: link:../react-globals
      '@rbxts-js/react-reconciler':
        specifier: workspace:^
        version: link:../react-reconciler
      '@rbxts-js/scheduler':
        specifier: workspace:^
        version: link:../scheduler
      '@rbxts-js/shared':
        specifier: workspace:^
        version: link:../shared

  modules/react-shallow-renderer:
    dependencies:
      '@rbxts-js/luau-polyfill':
        specifier: ^1.2.3-ts.1
        version: 1.2.3-ts.1
      '@rbxts-js/react':
        specifier: workspace:^
        version: link:../react
      '@rbxts-js/react-globals':
        specifier: workspace:^
        version: link:../react-globals
      '@rbxts-js/react-is':
        specifier: workspace:^
        version: link:../react-is
      '@rbxts-js/shared':
        specifier: workspace:^
        version: link:../shared

  modules/react-telemetry:
    dependencies:
      '@rbxts-js/luau-polyfill':
        specifier: ^1.2.3-ts.1
        version: 1.2.3-ts.1
      '@rbxts-js/react-globals':
        specifier: workspace:^
        version: link:../react-globals
      '@rbxts-js/safe-flags':
        specifier: workspace:^
        version: link:../safe-flags

  modules/react-test-renderer:
    dependencies:
      '@rbxts-js/luau-polyfill':
        specifier: ^1.2.3-ts.1
        version: 1.2.3-ts.1
      '@rbxts-js/react':
        specifier: workspace:^
        version: link:../react
      '@rbxts-js/react-globals':
        specifier: workspace:^
        version: link:../react-globals
      '@rbxts-js/react-reconciler':
        specifier: workspace:^
        version: link:../react-reconciler
      '@rbxts-js/scheduler':
        specifier: workspace:^
        version: link:../scheduler
      '@rbxts-js/shared':
        specifier: workspace:^
        version: link:../shared

  modules/roact-compat:
    dependencies:
      '@rbxts-js/luau-polyfill':
        specifier: ^1.2.3-ts.1
        version: 1.2.3-ts.1
      '@rbxts-js/react':
        specifier: workspace:^
        version: link:../react
      '@rbxts-js/react-globals':
        specifier: workspace:^
        version: link:../react-globals
      '@rbxts-js/react-roblox':
        specifier: workspace:^
        version: link:../react-roblox
      '@rbxts-js/shared':
        specifier: workspace:^
        version: link:../shared

  modules/safe-flags: {}

  modules/scheduler:
    dependencies:
      '@rbxts-js/luau-polyfill':
        specifier: ^1.2.3-ts.1
        version: 1.2.3-ts.1
      '@rbxts-js/react-globals':
        specifier: workspace:^
        version: link:../react-globals
      '@rbxts-js/safe-flags':
        specifier: workspace:^
        version: link:../safe-flags
      '@rbxts-js/shared':
        specifier: workspace:^
        version: link:../shared

  modules/shared:
    dependencies:
      '@rbxts-js/luau-polyfill':
        specifier: ^1.2.3-ts.1
        version: 1.2.3-ts.1
      '@rbxts-js/react-globals':
        specifier: workspace:^
        version: link:../react-globals
      '@rbxts-js/safe-flags':
        specifier: workspace:^
        version: link:../safe-flags

packages:

  '@rbxts-js/boolean@1.2.3-ts.1':
    resolution: {integrity: sha512-IlYFG9uatXQKXOLR1mdptVeEcxudwBCierO+Vu6VZRRaI+/+JDxUClm+QFZyce/kitwnDTmtNvhqVAUtFvCU0Q==}

  '@rbxts-js/chalk-lua@0.2.2-ts.2':
    resolution: {integrity: sha512-UCMkX/ufijrQyEt20SJ/Qxe4vLMEwimVYty2l3kkly0InTC0SRFPRUIarZWwyff8z6LoHB479UUX6wfACm/CXA==}

  '@rbxts-js/collections@1.2.3-ts.1':
    resolution: {integrity: sha512-RYT73QyEdsV+DCQMtyzT2bZ1P12j2b+JSHVdb1x6xrDq/KdVEkk/QAzW+o22vPrLXbHa6/jA5bmVlgVcOOrIjA==}

  '@rbxts-js/console@1.2.3-ts.1':
    resolution: {integrity: sha512-qacyJE7bYf4n9448F7mn9e8Y5qljZb7QkSmsmnbQT2HA9Mecvg3gqc9RwCIdVkBV6o1AGVAHbatNQ3a39zPjaw==}

  '@rbxts-js/diff-sequences@3.13.3-ts.1':
    resolution: {integrity: sha512-xoenVGcuz7xJbywY5pKa4DJ2WJAwOXJ8MUp47uGE/Khze/eUAviFVCt2lMnPn7Fmup+Zdq/9TbnIS860+JzlcQ==}

  '@rbxts-js/es7-types@1.2.3-ts.1':
    resolution: {integrity: sha512-Z7NitBQp6tyzsr5eKlSX54rmopKXpzGu33lYikjF37llrnGFBpnRcZgCJwHKYciloRmjUtnR/UohUNwbWyG9Zg==}

  '@rbxts-js/expect@3.13.3-ts.1':
    resolution: {integrity: sha512-Og/BQVm73kCbrJ1hTDFPsZfa9CM+awJ5tzgMg7yh2JsQ2AZZ4Ob2nS7Yww7DTjQ3dPPZaj4zLhc0ar3swTcQpQ==}

  '@rbxts-js/instance-of@1.2.3-ts.1':
    resolution: {integrity: sha512-3fKvDPvxHuEZALNBP2XdbXfzjEfbgsXAheCm1Jf5kC2r+HgszW+yqg4zY6TjW0pcsJM2JjH+fM52oomSNu3LLQ==}

  '@rbxts-js/jest-diff@3.13.3-ts.1':
    resolution: {integrity: sha512-xLwJemhu0qvu1xC8oFFkGQqGK2Mx/Znh2Vd+bqbghYbnW+x5lcWPatDU4m7FmoSa3gV6kHnpGNH2hNQXO7A2xw==}

  '@rbxts-js/jest-environment@3.13.3-ts.1':
    resolution: {integrity: sha512-u3Pg/Xw7gFRnyV0o5YqttCnMAhG9Eb18mV5cmT2vaiHqfFTjAudCqq8Nl1JXOAVQiYSaj/kUhQjjIw3LdPk/rg==}

  '@rbxts-js/jest-fake-timers@3.13.3-ts.1':
    resolution: {integrity: sha512-D3ZEM3hqcqJPrP1FjE6X2zFRZ59nuwtLSRBugnHq6TAs190UQVkY2y7VhT+eE0TH1jAkByEp7ymvWZ/laP8E6g==}

  '@rbxts-js/jest-get-type@3.13.3-ts.1':
    resolution: {integrity: sha512-pBFoTmEbeXll5QcsVosIUWA2rt4bHliWlq6IKG7Cc8AE6eLWx94GYZ7PDBWw6L5V+flwV++kcF52k+CcWMofJg==}

  '@rbxts-js/jest-globals@3.13.3-ts.1':
    resolution: {integrity: sha512-hwlwP+8Tcw0MxNOoL/U+Na2PJlrJGOR9ab1RG4+NVUgiXJ4l8wSHGcXkb4jCjSGyheEZtv1MGzrJHd/S9H7YeQ==}

  '@rbxts-js/jest-matcher-utils@3.13.3-ts.1':
    resolution: {integrity: sha512-FVbrzSq+o5OCkBMkiwxNPmnbys3q+YXRuwe/m3NSXlTOR1MqmeykdWdA57seigOWmNZDI3rYuZCiXhH/Cn52rg==}

  '@rbxts-js/jest-message-util@3.13.3-ts.1':
    resolution: {integrity: sha512-2aQgjgHpSSI06LjW9Elk/D8TdftQGfpYPM8fJVKKp+hgo65A8kMbamtBUNGg5BOhFbUaYEFlqF/pN9qvyqYOpg==}

  '@rbxts-js/jest-mock-genv@3.13.3-ts.1':
    resolution: {integrity: sha512-CaeVNAjGupJzLSC+bN2xdGh65wTq4mwHCUE2QjWlgpja/CWxOweRNzNJ1pQlqvozxR483WtLhLQXoRFImTzgqw==}

  '@rbxts-js/jest-mock-rbx@3.13.3-ts.1':
    resolution: {integrity: sha512-RAZlr3EXuKejWomLEa2UQWuwW7Kfl/NseDZfS+Zcej2LecqHYmF4Xxwh2uJNvhZZmgr6fDMtFzmUjFwBgf8GUQ==}

  '@rbxts-js/jest-mock@3.13.3-ts.1':
    resolution: {integrity: sha512-x1bC6u1tXtvaiCljrn9kjwpgTmW8t4O0McirkXNaiwyUetZtRLQNt7pdoFkvyxPdy3IgyTtuRwWt51mBihtlwg==}

  '@rbxts-js/jest-snapshot@3.13.3-ts.1':
    resolution: {integrity: sha512-efMfTK+0oMfxgFYzknUEy3bjVl/YtucKBXdTDn3dhgK42wHnvDlZV8lWzOlKSTlj8C9JmgdY4YtqS+5dDrfKqQ==}

  '@rbxts-js/jest-types@3.13.3-ts.1':
    resolution: {integrity: sha512-H1fymCA0ZVXTAqZINpqn+IsOE+j2g1OHV40uAL1/qx3o++CQUQxBZyNFt7llqbUAbcGGjvoBguc7l3U8njNCqw==}

  '@rbxts-js/jest-util@3.13.3-ts.1':
    resolution: {integrity: sha512-Ea4jhJ0ZyjBvOln7KzX0ileZWqpvhinC+mvAa3PmkkSLg2fvZkjLz+urtajOh+xDmeM1noVFLzz/qe4mbYQ4lg==}

  '@rbxts-js/luau-polyfill@1.2.3-ts.1':
    resolution: {integrity: sha512-2asgvWrOhf311rNgEM/fxMO3+xOVI63Cz1K1PobyZVtDdd87ZJ6RGiZSFl1EAeU77SZc8280toJDVs9YSwxWnA==}

  '@rbxts-js/luau-regexp@0.2.2-ts.1':
    resolution: {integrity: sha512-tsgz3LS0l5GE2vOb+A+bJj2mIwAQTKr43d2Ua7k142R4WKwG9WocOLHzwLKosqwoqLjKcmrya2TFGSFzmDZz5A==}

  '@rbxts-js/math@1.2.3-ts.1':
    resolution: {integrity: sha512-mF7IMJJyxYE02cRNWJ1wsq4pPaAEXKX+CbGlmI0G3QBgWVHj+Oi02IR6pssyUyE6Y2BKvgvP3dcJuTO51OX25A==}

  '@rbxts-js/number@1.2.3-ts.1':
    resolution: {integrity: sha512-tPdt2s7fEBSxImVFBUvuSMtBKIvaZUCtlOjBl58Y0+GKB15VPXFIRW/5biVruXPnv9d4sDE3mh986ZxxN4UQ5w==}

  '@rbxts-js/picomatch-lua@0.4.0-ts.1':
    resolution: {integrity: sha512-QqALRJ5FPxQTiJgkpElHtxnQOKgtAXlTLxM4vSt3m6Zw7mGQaHyOUSXfLX+A2TZ6jTPFQVmxH+Gax2cRjBZgAw==}

  '@rbxts-js/pretty-format@3.13.3-ts.1':
    resolution: {integrity: sha512-ewtIEKkHj/9eCbecc5zebBQBoIO+Ww3osEWwtHuTQvqPi+XixUAQUHyK7fyKZWITztggo03XpLtr1sKiHJjZTA==}

  '@rbxts-js/react-is@17.1.20-ts.1':
    resolution: {integrity: sha512-namanMj2t78U74CuBwn3qQ0cZCnMa8mvu6NJt5KFBYal0/wcxuqHTBMgkv04xEi5Dr0+uliFohkjs5mR8THU8Q==}

  '@rbxts-js/roblox-lua-promise@3.5.0-ts.2':
    resolution: {integrity: sha512-H8fxKVJkRnM60yTZ/riO4X43GZD/MViFm+ftCzzAALkAhE4vSaBDNv9E7IUjZZoWi21bG6vZ8mGIiYfavaljvw==}

  '@rbxts-js/roblox-shared@3.13.3-ts.1':
    resolution: {integrity: sha512-785yV9uPVeDbqVpCdyWoQn7gCxv3yAXw15kov8nH1a9JZtHePwD1Ys0TsnUlYKHQ9jM3pgQXL5KN+IjIXYuVCQ==}

  '@rbxts-js/safe-flags@17.1.20-ts.1':
    resolution: {integrity: sha512-k+16jmCP63LT8sNfhLoytUrp3UB+CGHH7s54BFUAHte+zCANK3wfAKXbpT36NqnUfRqgKDM8grO4lWp6awuacQ==}

  '@rbxts-js/shared@17.1.20-ts.1':
    resolution: {integrity: sha512-/3K1BnWV519+any6JMWniIDx1rtq20H6RVgJStSCj4XofrM63kzju0EzRQg1af4lnXCfZNZBusRW8IGQ14xuZQ==}

  '@rbxts-js/string@1.2.3-ts.1':
    resolution: {integrity: sha512-Je/WKgZbXF/sAHEsQPuns5n4rWzux327zjr0KRf9Gy62ieUzl2FRZZHjVYce3xdMtHif2JstIf/J3p513TUtRg==}

  '@rbxts-js/symbol-luau@1.0.0-ts.1':
    resolution: {integrity: sha512-TQS/ImDCK5KPGvbmyScH5EZS0ELSCDvZEFR3W+ItPlsLl+bDRSI/0uaKtJ7rbwXgdGwBDKM1QXFPjqe+KOphIA==}

  '@rbxts-js/timers@1.2.3-ts.1':
    resolution: {integrity: sha512-HKP4ymFX3QLWbR/2Gy4LXwvkhjC9OzbwZ5bNunxu+M8Ocbi1cjRduiZK/y5ogLr9cNIfSoxs6e1DQ3soc8/hwA==}

snapshots:

  '@rbxts-js/boolean@1.2.3-ts.1':
    dependencies:
      '@rbxts-js/collections': 1.2.3-ts.1

  '@rbxts-js/chalk-lua@0.2.2-ts.2': {}

  '@rbxts-js/collections@1.2.3-ts.1':
    dependencies:
      '@rbxts-js/es7-types': 1.2.3-ts.1
      '@rbxts-js/instance-of': 1.2.3-ts.1

  '@rbxts-js/console@1.2.3-ts.1':
    dependencies:
      '@rbxts-js/collections': 1.2.3-ts.1

  '@rbxts-js/diff-sequences@3.13.3-ts.1':
    dependencies:
      '@rbxts-js/luau-polyfill': 1.2.3-ts.1

  '@rbxts-js/es7-types@1.2.3-ts.1': {}

  '@rbxts-js/expect@3.13.3-ts.1':
    dependencies:
      '@rbxts-js/jest-get-type': 3.13.3-ts.1
      '@rbxts-js/jest-matcher-utils': 3.13.3-ts.1
      '@rbxts-js/jest-message-util': 3.13.3-ts.1
      '@rbxts-js/jest-snapshot': 3.13.3-ts.1
      '@rbxts-js/jest-util': 3.13.3-ts.1
      '@rbxts-js/luau-polyfill': 1.2.3-ts.1
      '@rbxts-js/luau-regexp': 0.2.2-ts.1
      '@rbxts-js/roblox-lua-promise': 3.5.0-ts.2
      '@rbxts-js/roblox-shared': 3.13.3-ts.1

  '@rbxts-js/instance-of@1.2.3-ts.1': {}

  '@rbxts-js/jest-diff@3.13.3-ts.1':
    dependencies:
      '@rbxts-js/chalk-lua': 0.2.2-ts.2
      '@rbxts-js/diff-sequences': 3.13.3-ts.1
      '@rbxts-js/jest-get-type': 3.13.3-ts.1
      '@rbxts-js/jest-types': 3.13.3-ts.1
      '@rbxts-js/luau-polyfill': 1.2.3-ts.1
      '@rbxts-js/pretty-format': 3.13.3-ts.1

  '@rbxts-js/jest-environment@3.13.3-ts.1':
    dependencies:
      '@rbxts-js/jest-fake-timers': 3.13.3-ts.1
      '@rbxts-js/jest-mock': 3.13.3-ts.1
      '@rbxts-js/jest-mock-genv': 3.13.3-ts.1
      '@rbxts-js/jest-types': 3.13.3-ts.1
      '@rbxts-js/luau-polyfill': 1.2.3-ts.1

  '@rbxts-js/jest-fake-timers@3.13.3-ts.1':
    dependencies:
      '@rbxts-js/jest-get-type': 3.13.3-ts.1
      '@rbxts-js/jest-mock': 3.13.3-ts.1
      '@rbxts-js/luau-polyfill': 1.2.3-ts.1

  '@rbxts-js/jest-get-type@3.13.3-ts.1':
    dependencies:
      '@rbxts-js/luau-polyfill': 1.2.3-ts.1
      '@rbxts-js/luau-regexp': 0.2.2-ts.1

  '@rbxts-js/jest-globals@3.13.3-ts.1':
    dependencies:
      '@rbxts-js/expect': 3.13.3-ts.1
      '@rbxts-js/jest-environment': 3.13.3-ts.1
      '@rbxts-js/jest-types': 3.13.3-ts.1
      '@rbxts-js/luau-polyfill': 1.2.3-ts.1

  '@rbxts-js/jest-matcher-utils@3.13.3-ts.1':
    dependencies:
      '@rbxts-js/chalk-lua': 0.2.2-ts.2
      '@rbxts-js/jest-diff': 3.13.3-ts.1
      '@rbxts-js/jest-get-type': 3.13.3-ts.1
      '@rbxts-js/luau-polyfill': 1.2.3-ts.1
      '@rbxts-js/luau-regexp': 0.2.2-ts.1
      '@rbxts-js/pretty-format': 3.13.3-ts.1

  '@rbxts-js/jest-message-util@3.13.3-ts.1':
    dependencies:
      '@rbxts-js/chalk-lua': 0.2.2-ts.2
      '@rbxts-js/jest-types': 3.13.3-ts.1
      '@rbxts-js/luau-polyfill': 1.2.3-ts.1
      '@rbxts-js/luau-regexp': 0.2.2-ts.1
      '@rbxts-js/pretty-format': 3.13.3-ts.1
      '@rbxts-js/roblox-shared': 3.13.3-ts.1

  '@rbxts-js/jest-mock-genv@3.13.3-ts.1':
    dependencies:
      '@rbxts-js/luau-polyfill': 1.2.3-ts.1

  '@rbxts-js/jest-mock-rbx@3.13.3-ts.1':
    dependencies:
      '@rbxts-js/jest-types': 3.13.3-ts.1
      '@rbxts-js/luau-polyfill': 1.2.3-ts.1

  '@rbxts-js/jest-mock@3.13.3-ts.1':
    dependencies:
      '@rbxts-js/jest-mock-genv': 3.13.3-ts.1
      '@rbxts-js/jest-mock-rbx': 3.13.3-ts.1
      '@rbxts-js/jest-types': 3.13.3-ts.1
      '@rbxts-js/luau-polyfill': 1.2.3-ts.1

  '@rbxts-js/jest-snapshot@3.13.3-ts.1':
    dependencies:
      '@rbxts-js/chalk-lua': 0.2.2-ts.2
      '@rbxts-js/jest-diff': 3.13.3-ts.1
      '@rbxts-js/jest-get-type': 3.13.3-ts.1
      '@rbxts-js/jest-matcher-utils': 3.13.3-ts.1
      '@rbxts-js/jest-types': 3.13.3-ts.1
      '@rbxts-js/luau-polyfill': 1.2.3-ts.1
      '@rbxts-js/pretty-format': 3.13.3-ts.1
      '@rbxts-js/roblox-lua-promise': 3.5.0-ts.2
      '@rbxts-js/roblox-shared': 3.13.3-ts.1

  '@rbxts-js/jest-types@3.13.3-ts.1':
    dependencies:
      '@rbxts-js/luau-polyfill': 1.2.3-ts.1
      '@rbxts-js/luau-regexp': 0.2.2-ts.1

  '@rbxts-js/jest-util@3.13.3-ts.1':
    dependencies:
      '@rbxts-js/chalk-lua': 0.2.2-ts.2
      '@rbxts-js/jest-types': 3.13.3-ts.1
      '@rbxts-js/luau-polyfill': 1.2.3-ts.1
      '@rbxts-js/luau-regexp': 0.2.2-ts.1
      '@rbxts-js/picomatch-lua': 0.4.0-ts.1
      '@rbxts-js/roblox-lua-promise': 3.5.0-ts.2
      '@rbxts-js/roblox-shared': 3.13.3-ts.1

  '@rbxts-js/luau-polyfill@1.2.3-ts.1':
    dependencies:
      '@rbxts-js/boolean': 1.2.3-ts.1
      '@rbxts-js/collections': 1.2.3-ts.1
      '@rbxts-js/console': 1.2.3-ts.1
      '@rbxts-js/es7-types': 1.2.3-ts.1
      '@rbxts-js/instance-of': 1.2.3-ts.1
      '@rbxts-js/math': 1.2.3-ts.1
      '@rbxts-js/number': 1.2.3-ts.1
      '@rbxts-js/string': 1.2.3-ts.1
      '@rbxts-js/symbol-luau': 1.0.0-ts.1
      '@rbxts-js/timers': 1.2.3-ts.1

  '@rbxts-js/luau-regexp@0.2.2-ts.1': {}

  '@rbxts-js/math@1.2.3-ts.1': {}

  '@rbxts-js/number@1.2.3-ts.1': {}

  '@rbxts-js/picomatch-lua@0.4.0-ts.1':
    dependencies:
      '@rbxts-js/luau-polyfill': 1.2.3-ts.1
      '@rbxts-js/luau-regexp': 0.2.2-ts.1
      '@rbxts-js/roblox-lua-promise': 3.5.0-ts.2

  '@rbxts-js/pretty-format@3.13.3-ts.1':
    dependencies:
      '@rbxts-js/chalk-lua': 0.2.2-ts.2
      '@rbxts-js/jest-get-type': 3.13.3-ts.1
      '@rbxts-js/luau-polyfill': 1.2.3-ts.1
      '@rbxts-js/luau-regexp': 0.2.2-ts.1
      '@rbxts-js/react-is': 17.1.20-ts.1
      '@rbxts-js/roblox-shared': 3.13.3-ts.1

  '@rbxts-js/react-is@17.1.20-ts.1':
    dependencies:
      '@rbxts-js/shared': 17.1.20-ts.1

  '@rbxts-js/roblox-lua-promise@3.5.0-ts.2': {}

  '@rbxts-js/roblox-shared@3.13.3-ts.1':
    dependencies:
      '@rbxts-js/jest-get-type': 3.13.3-ts.1
      '@rbxts-js/jest-mock': 3.13.3-ts.1
      '@rbxts-js/luau-polyfill': 1.2.3-ts.1

  '@rbxts-js/safe-flags@17.1.20-ts.1': {}

  '@rbxts-js/shared@17.1.20-ts.1':
    dependencies:
      '@rbxts-js/luau-polyfill': 1.2.3-ts.1
      '@rbxts-js/safe-flags': 17.1.20-ts.1

  '@rbxts-js/string@1.2.3-ts.1':
    dependencies:
      '@rbxts-js/es7-types': 1.2.3-ts.1
      '@rbxts-js/number': 1.2.3-ts.1

  '@rbxts-js/symbol-luau@1.0.0-ts.1': {}

  '@rbxts-js/timers@1.2.3-ts.1':
    dependencies:
      '@rbxts-js/collections': 1.2.3-ts.1
